{
    "_readme": [
        "This file locks the dependencies of your project to a known state",
        "Read more about it at https://getcomposer.org/doc/01-basic-usage.md#composer-lock-the-lock-file",
        "This file is @generated automatically"
    ],
    "content-hash": "e1d52acaf9831f8a19806de90b7cc377",
    "packages": [
        {
            "name": "ml/iri",
            "version": "dev-master",
            "target-dir": "ML/IRI",
            "source": {
                "type": "git",
                "url": "https://github.com/lanthaler/IRI.git",
                "reference": "a04d4f923700dc5b4a19e1e105f978b50647efaa"
            },
            "dist": {
                "type": "zip",
                "url": "https://api.github.com/repos/lanthaler/IRI/zipball/a04d4f923700dc5b4a19e1e105f978b50647efaa",
                "reference": "a04d4f923700dc5b4a19e1e105f978b50647efaa",
                "shasum": ""
            },
            "require": {
                "lib-pcre": ">=4.0",
                "php": "< 7.0.0"
            },
            "type": "library",
            "autoload": {
                "psr-0": {
                    "ML\\IRI": ""
                }
            },
            "notification-url": "https://packagist.org/downloads/",
            "license": [
                "MIT"
            ],
            "authors": [
                {
                    "name": "Markus Lanthaler",
                    "email": "mail@markus-lanthaler.com",
                    "homepage": "http://www.markus-lanthaler.com",
                    "role": "Developer"
                }
            ],
            "description": "IRI handling for PHP",
            "homepage": "http://www.markus-lanthaler.com",
            "keywords": [
                "URN",
                "iri",
                "uri",
                "url"
            ],
            "time": "2016-01-03T17:22:55+00:00"
        },
        {
            "name": "ml/json-ld",
            "version": "dev-expansion-debug",
            "target-dir": "ML/JsonLD",
            "source": {
                "type": "git",
                "url": "https://github.com/lanthaler/JsonLD.git",
                "reference": "ea2f0f28ab1f4c105221789d34e79de67b011c05"
            },
            "dist": {
                "type": "zip",
                "url": "https://api.github.com/repos/lanthaler/JsonLD/zipball/ea2f0f28ab1f4c105221789d34e79de67b011c05",
                "reference": "ea2f0f28ab1f4c105221789d34e79de67b011c05",
                "shasum": ""
            },
            "require": {
                "ext-json": "*",
                "ml/iri": ">=1.1.1",
                "php": ">=5.3.0"
            },
            "require-dev": {
                "json-ld/tests": "@dev"
            },
            "type": "library",
            "autoload": {
                "psr-0": {
                    "ML\\JsonLD": ""
                }
            },
            "notification-url": "https://packagist.org/downloads/",
            "license": [
                "MIT"
            ],
            "authors": [
                {
                    "name": "Markus Lanthaler",
                    "email": "mail@markus-lanthaler.com",
                    "homepage": "http://www.markus-lanthaler.com",
                    "role": "Developer"
                }
            ],
            "description": "JSON-LD Processor for PHP",
            "homepage": "http://www.markus-lanthaler.com",
            "keywords": [
                "JSON-LD",
                "jsonld"
            ],
            "time": "2015-11-07T14:53:57+00:00"
        }
    ],
    "packages-dev": [],
    "aliases": [],
    "minimum-stability": "dev",
    "stability-flags": {
        "ml/json-ld": 20
    },
    "prefer-stable": false,
    "prefer-lowest": false,
    "platform": [],
    "platform-dev": []
}
